<?xml version="1.0" encoding="utf-8"?>
<Project ToolsVersion="4.0" xmlns="http://schemas.microsoft.com/developer/msbuild/2003">
  <ItemGroup>
    <Filter Include="源文件">
      <UniqueIdentifier>{4FC737F1-C7A5-4376-A066-2A32D752A2FF}</UniqueIdentifier>
      <Extensions>cpp;c;cc;cxx;def;odl;idl;hpj;bat;asm;asmx</Extensions>
    </Filter>
    <Filter Include="头文件">
      <UniqueIdentifier>{93995380-89BD-4b04-88EB-625FBE52EBFB}</UniqueIdentifier>
      <Extensions>h;hh;hpp;hxx;hm;inl;inc;xsd</Extensions>
    </Filter>
    <Filter Include="资源文件">
      <UniqueIdentifier>{67DA6AB6-F800-4c08-8B7A-83BB121AAD01}</UniqueIdentifier>
      <Extensions>rc;ico;cur;bmp;dlg;rc2;rct;bin;rgs;gif;jpg;jpeg;jpe;resx;tiff;tif;png;wav;mfcribbon-ms</Extensions>
    </Filter>
    <Filter Include="头文件\ui">
      <UniqueIdentifier>{10b68242-878b-4681-9b03-f1b1d7767607}</UniqueIdentifier>
    </Filter>
    <Filter Include="头文件\ui\control">
      <UniqueIdentifier>{09d09d4b-8047-4574-adbf-deb21a0a291b}</UniqueIdentifier>
    </Filter>
    <Filter Include="头文件\ui\event">
      <UniqueIdentifier>{5a605467-e5cd-4bf3-847e-d01eae67f36c}</UniqueIdentifier>
    </Filter>
    <Filter Include="头文件\ui\layout">
      <UniqueIdentifier>{df3c5fba-f370-4576-adaa-1b9d0f65a942}</UniqueIdentifier>
    </Filter>
    <Filter Include="头文件\plot">
      <UniqueIdentifier>{2d9607e6-aa5e-4099-87cf-d36bf9a2a08e}</UniqueIdentifier>
    </Filter>
    <Filter Include="头文件\plot\provider">
      <UniqueIdentifier>{35001e23-b622-408e-893d-92aba7ff415e}</UniqueIdentifier>
    </Filter>
    <Filter Include="头文件\formula">
      <UniqueIdentifier>{432316b4-4f2b-4d44-8664-23097d7ee8cd}</UniqueIdentifier>
    </Filter>
    <Filter Include="源文件\formula">
      <UniqueIdentifier>{275c66cb-600c-4ab2-beaf-eee5dfae6d8f}</UniqueIdentifier>
    </Filter>
    <Filter Include="头文件\formula\jit">
      <UniqueIdentifier>{2ac81fd2-4376-453a-9ca8-5d9c8cacab6c}</UniqueIdentifier>
    </Filter>
  </ItemGroup>
  <ItemGroup>
    <ClCompile Include="winform.cpp">
      <Filter>源文件</Filter>
    </ClCompile>
    <ClCompile Include="app.cpp">
      <Filter>源文件</Filter>
    </ClCompile>
    <ClCompile Include="formula\token.cpp">
      <Filter>源文件\formula</Filter>
    </ClCompile>
  </ItemGroup>
  <ItemGroup>
    <ClInclude Include="app.h">
      <Filter>头文件</Filter>
    </ClInclude>
    <ClInclude Include="resource.h">
      <Filter>头文件</Filter>
    </ClInclude>
    <ClInclude Include="ui\control\canvas.h">
      <Filter>头文件\ui\control</Filter>
    </ClInclude>
    <ClInclude Include="ui\control\checkbox.h">
      <Filter>头文件\ui\control</Filter>
    </ClInclude>
    <ClInclude Include="ui\control\control.h">
      <Filter>头文件\ui\control</Filter>
    </ClInclude>
    <ClInclude Include="ui\event\rawevent.h">
      <Filter>头文件\ui\event</Filter>
    </ClInclude>
    <ClInclude Include="ui\event\redrawevent.h">
      <Filter>头文件\ui\event</Filter>
    </ClInclude>
    <ClInclude Include="ui\layout\layoutelement.h">
      <Filter>头文件\ui\layout</Filter>
    </ClInclude>
    <ClInclude Include="ui\event\event.h">
      <Filter>头文件\ui\event</Filter>
    </ClInclude>
    <ClInclude Include="ui\event\mouseevent.h">
      <Filter>头文件\ui\event</Filter>
    </ClInclude>
    <ClInclude Include="ui\event\eventmanager.h">
      <Filter>头文件\ui\event</Filter>
    </ClInclude>
    <ClInclude Include="ui\layout\layoutmanager.h">
      <Filter>头文件\ui\layout</Filter>
    </ClInclude>
    <ClInclude Include="ui\container.h">
      <Filter>头文件\ui</Filter>
    </ClInclude>
    <ClInclude Include="ui\control\textbox.h">
      <Filter>头文件\ui\control</Filter>
    </ClInclude>
    <ClInclude Include="plot\provider\gdiplusprovider.h">
      <Filter>头文件\plot\provider</Filter>
    </ClInclude>
    <ClInclude Include="plot\provider\gdiprovider.h">
      <Filter>头文件\plot\provider</Filter>
    </ClInclude>
    <ClInclude Include="plot\provider\provider.h">
      <Filter>头文件\plot\provider</Filter>
    </ClInclude>
    <ClInclude Include="plot\plotdrawer.h">
      <Filter>头文件\plot</Filter>
    </ClInclude>
    <ClInclude Include="plot\plotoptions.h">
      <Filter>头文件\plot</Filter>
    </ClInclude>
    <ClInclude Include="formula\lexer.h">
      <Filter>头文件\formula</Filter>
    </ClInclude>
    <ClInclude Include="formula\expression.h">
      <Filter>头文件\formula</Filter>
    </ClInclude>
    <ClInclude Include="formula\parser.h">
      <Filter>头文件\formula</Filter>
    </ClInclude>
    <ClInclude Include="formula\exception.h">
      <Filter>头文件\formula</Filter>
    </ClInclude>
    <ClInclude Include="formula\token.h">
      <Filter>头文件\formula</Filter>
    </ClInclude>
    <ClInclude Include="formula\compiler.h">
      <Filter>头文件\formula</Filter>
    </ClInclude>
    <ClInclude Include="util.h">
      <Filter>头文件</Filter>
    </ClInclude>
    <ClInclude Include="formula\jit\functions.h">
      <Filter>头文件\formula\jit</Filter>
    </ClInclude>
    <ClInclude Include="formula\jit\functiontable.h">
      <Filter>头文件\formula\jit</Filter>
    </ClInclude>
    <ClInclude Include="formula\jit\instructiongen.h">
      <Filter>头文件\formula\jit</Filter>
    </ClInclude>
    <ClInclude Include="formula\jit\types.h">
      <Filter>头文件\formula\jit</Filter>
    </ClInclude>
    <ClInclude Include="formula\jit\instructions.h">
      <Filter>头文件\formula\jit</Filter>
    </ClInclude>
    <ClInclude Include="formula\jit\assembler.h">
      <Filter>头文件\formula\jit</Filter>
    </ClInclude>
    <ClInclude Include="formula\jit\executable.h">
      <Filter>头文件\formula\jit</Filter>
    </ClInclude>
  </ItemGroup>
  <ItemGroup>
    <ResourceCompile Include="StupidPlot.rc">
      <Filter>资源文件</Filter>
    </ResourceCompile>
  </ItemGroup>
</Project>